// !$*UTF8*$!
{
	archiveVersion = 1;
	classes = {
	};
	objectVersion = 110;
	objects = {

/* Begin PBXContainerItemProxy section */
		7A31C2B930703C0B001A72B4 /* PBXContainerItemProxy */ = {
			isa = PBXContainerItemProxy;
			containerPortal = 7A31C2A330703C09001A72B4 /* Project object */;
			proxyType = 1;
			remoteGlobalIDString = 7A31C2AA30703C09001A72B4;
			remoteInfo = MovieExplorer;
		};
		7A31C2C330703C0B001A72B4 /* PBXContainerItemProxy */ = {
			isa = PBXContainerItemProxy;
			containerPortal = 7A31C2A330703C09001A72B4 /* Project object */;
			proxyType = 1;
			remoteGlobalIDString = 7A31C2AA30703C09001A72B4;
			remoteInfo = MovieExplorer;
		};
/* End PBXContainerItemProxy section */

/* Begin PBXFileReference section */
		7A31C2AB30703C09001A72B4 /* MovieExplorer.app */ = {isa = PBXFileReference; explicitFileType = wrapper.application; includeInIndex = 0; path = MovieExplorer.app; sourceTree = BUILT_PRODUCTS_DIR; };
		7A31C2B830703C0B001A72B4 /* MovieExplorerTests.xctest */ = {isa = PBXFileReference; explicitFileType = wrapper.cfbundle; includeInIndex = 0; path = MovieExplorerTests.xctest; sourceTree = BUILT_PRODUCTS_DIR; };
		7A31C2C230703C0B001A72B4 /* MovieExplorerUITests.xctest */ = {isa = PBXFileReference; explicitFileType = wrapper.cfbundle; includeInIndex = 0; path = MovieExplorerUITests.xctest; sourceTree = BUILT_PRODUCTS_DIR; };
/* End PBXFileReference section */

/* Begin PBXFileSystemSynchronizedRootGroup section */
		7A31C2AD30703C09001A72B4 /* MovieExplorer */ = {
			isa = PBXFileSystemSynchronizedRootGroup;
			path = MovieExplorer;
			sourceTree = "<group>";
		};
		7A31C2BB30703C0B001A72B4 /* MovieExplorerTests */ = {
			isa = PBXFileSystemSynchronizedRootGroup;
			path = MovieExplorerTests;
			sourceTree = "<group>";
		};
		7A31C2C530703C0B001A72B4 /* MovieExplorerUITests */ = {
			isa = PBXFileSystemSynchronizedRootGroup;
			path = MovieExplorerUITests;
			sourceTree = "<group>";
		};
/* End PBXFileSystemSynchronizedRootGroup section */

/* Begin PBXFrameworksBuildPhase section */
		7A31C2A830703C09001A72B4 /* Frameworks */ = {
			isa = PBXFrameworksBuildPhase;
			files = (
			);
		};
		7A31C2B530703C0B001A72B4 /* Frameworks */ = {
			isa = PBXFrameworksBuildPhase;
			files = (
			);
		};
		7A31C2BF30703C0B001A72B4 /* Frameworks */ = {
			isa = PBXFrameworksBuildPhase;
			files = (
			);
		};
/* End PBXFrameworksBuildPhase section */

/* Begin PBXGroup section */
		7A31C2A230703C09001A72B4 = {
			isa = PBXGroup;
			children = (
				7A31C2AD30703C09001A72B4 /* MovieExplorer */,
				7A31C2BB30703C0B001A72B4 /* MovieExplorerTests */,
				7A31C2C530703C0B001A72B4 /* MovieExplorerUITests */,
				7A31C2AC30703C09001A72B4 /* Products */,
			);
			sourceTree = "<group>";
		};
		7A31C2AC30703C09001A72B4 /* Products */ = {
			isa = PBXGroup;
			children = (
				7A31C2AB30703C09001A72B4 /* MovieExplorer.app */,
				7A31C2B830703C0B001A72B4 /* MovieExplorerTests.xctest */,
				7A31C2C230703C0B001A72B4 /* MovieExplorerUITests.xctest */,
			);
			name = Products;
			sourceTree = "<group>";
		};
/* End PBXGroup section */

/* Begin PBXNativeTarget section */
		7A31C2AA30703C09001A72B4 /* MovieExplorer */ = {
			isa = PBXNativeTarget;
			buildConfigurationList = 7A31C2CA30703C0B001A72B4 /* Build configuration list for PBXNativeTarget "MovieExplorer" */;
			buildPhases = (
				7A31C2A730703C09001A72B4 /* Sources */,
				7A31C2A830703C09001A72B4 /* Frameworks */,
				7A31C2A930703C09001A72B4 /* Resources */,
			);
			buildRules = (
			);
			fileSystemSynchronizedGroups = (
				7A31C2AD30703C09001A72B4 /* MovieExplorer */,
			);
			name = MovieExplorer;
			productName = MovieExplorer;
			productReference = 7A31C2AB30703C09001A72B4 /* MovieExplorer.app */;
			productType = "com.apple.product-type.application";
		};
		7A31C2B730703C0B001A72B4 /* MovieExplorerTests */ = {
			isa = PBXNativeTarget;
			buildConfigurationList = 7A31C2CD30703C0B001A72B4 /* Build configuration list for PBXNativeTarget "MovieExplorerTests" */;
			buildPhases = (
				7A31C2B430703C0B001A72B4 /* Sources */,
				7A31C2B530703C0B001A72B4 /* Frameworks */,
				7A31C2B630703C0B001A72B4 /* Resources */,
			);
			buildRules = (
			);
			dependencies = (
				7A31C2BA30703C0B001A72B4 /* PBXTargetDependency */,
			);
			fileSystemSynchronizedGroups = (
				7A31C2BB30703C0B001A72B4 /* MovieExplorerTests */,
			);
			name = MovieExplorerTests;
			productName = MovieExplorerTests;
			productReference = 7A31C2B830703C0B001A72B4 /* MovieExplorerTests.xctest */;
			productType = "com.apple.product-type.bundle.unit-test";
		};
		7A31C2C130703C0B001A72B4 /* MovieExplorerUITests */ = {
			isa = PBXNativeTarget;
			buildConfigurationList = 7A31C2D030703C0B001A72B4 /* Build configuration list for PBXNativeTarget "MovieExplorerUITests" */;
			buildPhases = (
				7A31C2BE30703C0B001A72B4 /* Sources */,
				7A31C2BF30703C0B001A72B4 /* Frameworks */,
				7A31C2C030703C0B001A72B4 /* Resources */,
			);
			buildRules = (
			);
			dependencies = (
				7A31C2C430703C0B001A72B4 /* PBXTargetDependency */,
			);
			fileSystemSynchronizedGroups = (
				7A31C2C530703C0B001A72B4 /* MovieExplorerUITests */,
			);
			name = MovieExplorerUITests;
			productName = MovieExplorerUITests;
			productReference = 7A31C2C230703C0B001A72B4 /* MovieExplorerUITests.xctest */;
			productType = "com.apple.product-type.bundle.ui-testing";
		};
/* End PBXNativeTarget section */

/* Begin PBXProject section */
		7A31C2A330703C09001A72B4 /* Project object */ = {
			isa = PBXProject;
			attributes = {
				BuildIndependentTargetsInParallel = 1;
				LastSwiftUpdateCheck = 2700;
				LastUpgradeCheck = 2700;
				TargetAttributes = {
					7A31C2AA30703C09001A72B4 = {
						CreatedOnToolsVersion = 27.0;
					};
					7A31C2B730703C0B001A72B4 = {
						CreatedOnToolsVersion = 27.0;
						TestTargetID = 7A31C2AA30703C09001A72B4;
					};
					7A31C2C130703C0B001A72B4 = {
						CreatedOnToolsVersion = 27.0;
						TestTargetID = 7A31C2AA30703C09001A72B4;
					};
				};
			};
			buildConfigurationList = 7A31C2A630703C09001A72B4 /* Build configuration list for PBXProject "MovieExplorer" */;
			developmentRegion = en;
			hasScannedForEncodings = 0;
			knownRegions = (
				en,
				Base,
			);
			mainGroup = 7A31C2A230703C09001A72B4;
			minimizedProjectReferenceProxies = 1;
			preferredProjectObjectVersion = 77;
			productRefGroup = 7A31C2AC30703C09001A72B4 /* Products */;
			projectDirPath = "";
			projectRoot = "";
			targets = (
				7A31C2AA30703C09001A72B4 /* MovieExplorer */,
				7A31C2B730703C0B001A72B4 /* MovieExplorerTests */,
				7A31C2C130703C0B001A72B4 /* MovieExplorerUITests */,
			);
		};
/* End PBXProject section */

/* Begin PBXResourcesBuildPhase section */
		7A31C2A930703C09001A72B4 /* Resources */ = {
			isa = PBXResourcesBuildPhase;
			files = (
			);
		};
		7A31C2B630703C0B001A72B4 /* Resources */ = {
			isa = PBXResourcesBuildPhase;
			files = (
			);
		};
		7A31C2C030703C0B001A72B4 /* Resources */ = {
			isa = PBXResourcesBuildPhase;
			files = (
			);
		};
/* End PBXResourcesBuildPhase section */

/* Begin PBXSourcesBuildPhase section */
		7A31C2A730703C09001A72B4 /* Sources */ = {
			isa = PBXSourcesBuildPhase;
			files = (
			);
		};
		7A31C2B430703C0B001A72B4 /* Sources */ = {
			isa = PBXSourcesBuildPhase;
			files = (
			);
		};
		7A31C2BE30703C0B001A72B4 /* Sources */ = {
			isa = PBXSourcesBuildPhase;
			files = (
			);
		};
/* End PBXSourcesBuildPhase section */

/* Begin PBXTargetDependency section */
		7A31C2BA30703C0B001A72B4 /* PBXTargetDependency */ = {
			isa = PBXTargetDependency;
			target = 7A31C2AA30703C09001A72B4 /* MovieExplorer */;
			targetProxy = 7A31C2B930703C0B001A72B4 /* PBXContainerItemProxy */;
		};
		7A31C2C430703C0B001A72B4 /* PBXTargetDependency */ = {
			isa = PBXTargetDependency;
			target = 7A31C2AA30703C09001A72B4 /* MovieExplorer */;
			targetProxy = 7A31C2C330703C0B001A72B4 /* PBXContainerItemProxy */;
		};
/* End PBXTargetDependency section */

/* Begin XCBuildConfiguration section */
		7A31C2C830703C0B001A72B4 /* Debug configuration for PBXProject "MovieExplorer" */ = {
			isa = XCBuildConfiguration;
			buildSettings = {
				ALWAYS_SEARCH_USER_PATHS = NO;
				ASSETCATALOG_COMPILER_GENERATE_SWIFT_ASSET_SYMBOL_EXTENSIONS = YES;
				CLANG_ANALYZER_NONNULL = YES;
				CLANG_ANALYZER_NUMBER_OBJECT_CONVERSION = YES_AGGRESSIVE;
				CLANG_CXX_LANGUAGE_STANDARD = "gnu++20";
				CLANG_ENABLE_MODULES = YES;
				CLANG_ENABLE_OBJC_ARC = YES;
				CLANG_ENABLE_OBJC_WEAK = YES;
				CLANG_WARN_BLOCK_CAPTURE_AUTORELEASING = YES;
				CLANG_WARN_BOOL_CONVERSION = YES;
				CLANG_WARN_COMMA = YES;
				CLANG_WARN_CONSTANT_CONVERSION = YES;
				CLANG_WARN_DEPRECATED_OBJC_IMPLEMENTATIONS = YES;
				CLANG_WARN_DIRECT_OBJC_ISA_USAGE = YES_ERROR;
				CLANG_WARN_DOCUMENTATION_COMMENTS = YES;
				CLANG_WARN_EMPTY_BODY = YES;
				CLANG_WARN_ENUM_CONVERSION = YES;
				CLANG_WARN_INFINITE_RECURSION = YES;
				CLANG_WARN_INT_CONVERSION = YES;
				CLANG_WARN_NON_LITERAL_NULL_CONVERSION = YES;
				CLANG_WARN_OBJC_IMPLICIT_RETAIN_SELF = YES;
				CLANG_WARN_OBJC_LITERAL_CONVERSION = YES;
				CLANG_WARN_OBJC_ROOT_CLASS = YES_ERROR;
				CLANG_WARN_QUOTED_INCLUDE_IN_FRAMEWORK_HEADER = YES;
				CLANG_WARN_RANGE_LOOP_ANALYSIS = YES;
				CLANG_WARN_STRICT_PROTOTYPES = YES;
				CLANG_WARN_SUSPICIOUS_MOVE = YES;
				CLANG_WARN_UNGUARDED_AVAILABILITY = YES_AGGRESSIVE;
				CLANG_WARN_UNREACHABLE_CODE = YES;
				CLANG_WARN__DUPLICATE_METHOD_MATCH = YES;
				COPY_PHASE_STRIP = NO;
				DEBUG_INFORMATION_FORMAT = dwarf;
				ENABLE_STRICT_OBJC_MSGSEND = YES;
				ENABLE_TESTABILITY = YES;
				ENABLE_USER_SCRIPT_SANDBOXING = YES;
				GCC_C_LANGUAGE_STANDARD = gnu17;
				GCC_DYNAMIC_NO_PIC = NO;
				GCC_NO_COMMON_BLOCKS = YES;
				GCC_OPTIMIZATION_LEVEL = 0;
				GCC_PREPROCESSOR_DEFINITIONS = (
					"DEBUG=1",
					"$(inherited)",
				);
				GCC_WARN_64_TO_32_BIT_CONVERSION = YES;
				GCC_WARN_ABOUT_RETURN_TYPE = YES_ERROR;
				GCC_WARN_UNDECLARED_SELECTOR = YES;
				GCC_WARN_UNINITIALIZED_AUTOS = YES_AGGRESSIVE;
				GCC_WARN_UNUSED_FUNCTION = YES;
				GCC_WARN_UNUSED_VARIABLE = YES;
				IPHONEOS_DEPLOYMENT_TARGET = 27.0;
				LOCALIZATION_PREFERS_STRING_CATALOGS = YES;
				MTL_ENABLE_DEBUG_INFO = INCLUDE_SOURCE;
				MTL_FAST_MATH = YES;
				ONLY_ACTIVE_ARCH = YES;
				SDKROOT = iphoneos;
				SWIFT_ACTIVE_COMPILATION_CONDITIONS = "DEBUG $(inherited)";
				SWIFT_OPTIMIZATION_LEVEL = "-Onone";
			};
			name = Debug;
		};
		7A31C2C930703C0B001A72B4 /* Release configuration for PBXProject "MovieExplorer" */ = {
			isa = XCBuildConfiguration;
			buildSettings = {
				ALWAYS_SEARCH_USER_PATHS = NO;
				ASSETCATALOG_COMPILER_GENERATE_SWIFT_ASSET_SYMBOL_EXTENSIONS = YES;
				CLANG_ANALYZER_NONNULL = YES;
				CLANG_ANALYZER_NUMBER_OBJECT_CONVERSION = YES_AGGRESSIVE;
				CLANG_CXX_LANGUAGE_STANDARD = "gnu++20";
				CLANG_ENABLE_MODULES = YES;
				CLANG_ENABLE_OBJC_ARC = YES;
				CLANG_ENABLE_OBJC_WEAK = YES;
				CLANG_WARN_BLOCK_CAPTURE_AUTORELEASING = YES;
				CLANG_WARN_BOOL_CONVERSION = YES;
				CLANG_WARN_COMMA = YES;
				CLANG_WARN_CONSTANT_CONVERSION = YES;
				CLANG_WARN_DEPRECATED_OBJC_IMPLEMENTATIONS = YES;
				CLANG_WARN_DIRECT_OBJC_ISA_USAGE = YES_ERROR;
				CLANG_WARN_DOCUMENTATION_COMMENTS = YES;
				CLANG_WARN_EMPTY_BODY = YES;
				CLANG_WARN_ENUM_CONVERSION = YES;
				CLANG_WARN_INFINITE_RECURSION = YES;
				CLANG_WARN_INT_CONVERSION = YES;
				CLANG_WARN_NON_LITERAL_NULL_CONVERSION = YES;
				CLANG_WARN_OBJC_IMPLICIT_RETAIN_SELF = YES;
				CLANG_WARN_OBJC_LITERAL_CONVERSION = YES;
				CLANG_WARN_OBJC_ROOT_CLASS = YES_ERROR;
				CLANG_WARN_QUOTED_INCLUDE_IN_FRAMEWORK_HEADER = YES;
				CLANG_WARN_RANGE_LOOP_ANALYSIS = YES;
				CLANG_WARN_STRICT_PROTOTYPES = YES;
				CLANG_WARN_SUSPICIOUS_MOVE = YES;
				CLANG_WARN_UNGUARDED_AVAILABILITY = YES_AGGRESSIVE;
				CLANG_WARN_UNREACHABLE_CODE = YES;
				CLANG_WARN__DUPLICATE_METHOD_MATCH = YES;
				COPY_PHASE_STRIP = NO;
				DEBUG_INFORMATION_FORMAT = "dwarf-with-dsym";
				ENABLE_NS_ASSERTIONS = NO;
				ENABLE_STRICT_OBJC_MSGSEND = YES;
				ENABLE_USER_SCRIPT_SANDBOXING = YES;
				GCC_C_LANGUAGE_STANDARD = gnu17;
				GCC_NO_COMMON_BLOCKS = YES;
				GCC_WARN_64_TO_32_BIT_CONVERSION = YES;
				GCC_WARN_ABOUT_RETURN_TYPE = YES_ERROR;
				GCC_WARN_UNDECLARED_SELECTOR = YES;
				GCC_WARN_UNINITIALIZED_AUTOS = YES_AGGRESSIVE;
				GCC_WARN_UNUSED_FUNCTION = YES;
				GCC_WARN_UNUSED_VARIABLE = YES;
				IPHONEOS_DEPLOYMENT_TARGET = 27.0;
				LOCALIZATION_PREFERS_STRING_CATALOGS = YES;
				MTL_ENABLE_DEBUG_INFO = NO;
				MTL_FAST_MATH = YES;
				SDKROOT = iphoneos;
				SWIFT_COMPILATION_MODE = wholemodule;
				VALIDATE_PRODUCT = YES;
			};
			name = Release;
		};
		7A31C2CB30703C0B001A72B4 /* Debug configuration for PBXNativeTarget "MovieExplorer" */ = {
			isa = XCBuildConfiguration;
			buildSettings = {
				ASSETCATALOG_COMPILER_APPICON_NAME = AppIcon;
				ASSETCATALOG_COMPILER_GLOBAL_ACCENT_COLOR_NAME = AccentColor;
				CODE_SIGN_STYLE = Automatic;
				CURRENT_PROJECT_VERSION = 1;
				ENABLE_PREVIEWS = YES;
				GENERATE_INFOPLIST_FILE = YES;
				INFOPLIST_KEY_UIApplicationSceneManifest_Generation = YES;
				INFOPLIST_KEY_UIApplicationSupportsIndirectInputEvents = YES;
				INFOPLIST_KEY_UILaunchScreen_Generation = YES;
				INFOPLIST_KEY_UISupportedInterfaceOrientations_iPad = "UIInterfaceOrientationPortrait UIInterfaceOrientationPortraitUpsideDown UIInterfaceOrientationLandscapeLeft UIInterfaceOrientationLandscapeRight";
				INFOPLIST_KEY_UISupportedInterfaceOrientations_iPhone = "UIInterfaceOrientationPortrait UIInterfaceOrientationLandscapeLeft UIInterfaceOrientationLandscapeRight";
				LD_RUNPATH_SEARCH_PATHS = (
					"$(inherited)",
					"@executable_path/Frameworks",
				);
				MARKETING_VERSION = 1.0;
				PRODUCT_BUNDLE_IDENTIFIER = com.ljupcogjorgjiev.MovieExplorer;
				PRODUCT_NAME = "$(TARGET_NAME)";
				STRING_CATALOG_GENERATE_SYMBOLS = YES;
				SWIFT_APPROACHABLE_CONCURRENCY = YES;
				SWIFT_DEFAULT_ACTOR_ISOLATION = MainActor;
				SWIFT_EMIT_LOC_STRINGS = YES;
				SWIFT_UPCOMING_FEATURE_MEMBER_IMPORT_VISIBILITY = YES;
				SWIFT_VERSION = 5.0;
				TARGETED_DEVICE_FAMILY = "1,2";
			};
			name = Debug;
		};
		7A31C2CC30703C0B001A72B4 /* Release configuration for PBXNativeTarget "MovieExplorer" */ = {
			isa = XCBuildConfiguration;
			buildSettings = {
				ASSETCATALOG_COMPILER_APPICON_NAME = AppIcon;
				ASSETCATALOG_COMPILER_GLOBAL_ACCENT_COLOR_NAME = AccentColor;
				CODE_SIGN_STYLE = Automatic;
				CURRENT_PROJECT_VERSION = 1;
				ENABLE_PREVIEWS = YES;
				GENERATE_INFOPLIST_FILE = YES;
				INFOPLIST_KEY_UIApplicationSceneManifest_Generation = YES;
				INFOPLIST_KEY_UIApplicationSupportsIndirectInputEvents = YES;
				INFOPLIST_KEY_UILaunchScreen_Generation = YES;
				INFOPLIST_KEY_UISupportedInterfaceOrientations_iPad = "UIInterfaceOrientationPortrait UIInterfaceOrientationPortraitUpsideDown UIInterfaceOrientationLandscapeLeft UIInterfaceOrientationLandscapeRight";
				INFOPLIST_KEY_UISupportedInterfaceOrientations_iPhone = "UIInterfaceOrientationPortrait UIInterfaceOrientationLandscapeLeft UIInterfaceOrientationLandscapeRight";
				LD_RUNPATH_SEARCH_PATHS = (
					"$(inherited)",
					"@executable_path/Frameworks",
				);
				MARKETING_VERSION = 1.0;
				PRODUCT_BUNDLE_IDENTIFIER = com.ljupcogjorgjiev.MovieExplorer;
				PRODUCT_NAME = "$(TARGET_NAME)";
				STRING_CATALOG_GENERATE_SYMBOLS = YES;
				SWIFT_APPROACHABLE_CONCURRENCY = YES;
				SWIFT_DEFAULT_ACTOR_ISOLATION = MainActor;
				SWIFT_EMIT_LOC_STRINGS = YES;
				SWIFT_UPCOMING_FEATURE_MEMBER_IMPORT_VISIBILITY = YES;
				SWIFT_VERSION = 5.0;
				TARGETED_DEVICE_FAMILY = "1,2";
			};
			name = Release;
		};
		7A31C2CE30703C0B001A72B4 /* Debug configuration for PBXNativeTarget "MovieExplorerTests" */ = {
			isa = XCBuildConfiguration;
			buildSettings = {
				BUNDLE_LOADER = "$(TEST_HOST)";
				CODE_SIGN_STYLE = Automatic;
				CURRENT_PROJECT_VERSION = 1;
				GENERATE_INFOPLIST_FILE = YES;
				IPHONEOS_DEPLOYMENT_TARGET = 27.0;
				MARKETING_VERSION = 1.0;
				PRODUCT_BUNDLE_IDENTIFIER = com.ljupcogjorgjiev.MovieExplorerTests;
				PRODUCT_NAME = "$(TARGET_NAME)";
				STRING_CATALOG_GENERATE_SYMBOLS = NO;
				SWIFT_APPROACHABLE_CONCURRENCY = YES;
				SWIFT_EMIT_LOC_STRINGS = NO;
				SWIFT_UPCOMING_FEATURE_MEMBER_IMPORT_VISIBILITY = YES;
				SWIFT_VERSION = 5.0;
				TARGETED_DEVICE_FAMILY = "1,2";
				TEST_HOST = "$(BUILT_PRODUCTS_DIR)/MovieExplorer.app/$(BUNDLE_EXECUTABLE_FOLDER_PATH)/MovieExplorer";
			};
			name = Debug;
		};
		7A31C2CF30703C0B001A72B4 /* Release configuration for PBXNativeTarget "MovieExplorerTests" */ = {
			isa = XCBuildConfiguration;
			buildSettings = {
				BUNDLE_LOADER = "$(TEST_HOST)";
				CODE_SIGN_STYLE = Automatic;
				CURRENT_PROJECT_VERSION = 1;
				GENERATE_INFOPLIST_FILE = YES;
				IPHONEOS_DEPLOYMENT_TARGET = 27.0;
				MARKETING_VERSION = 1.0;
				PRODUCT_BUNDLE_IDENTIFIER = com.ljupcogjorgjiev.MovieExplorerTests;
				PRODUCT_NAME = "$(TARGET_NAME)";
				STRING_CATALOG_GENERATE_SYMBOLS = NO;
				SWIFT_APPROACHABLE_CONCURRENCY = YES;
				SWIFT_EMIT_LOC_STRINGS = NO;
				SWIFT_UPCOMING_FEATURE_MEMBER_IMPORT_VISIBILITY = YES;
				SWIFT_VERSION = 5.0;
				TARGETED_DEVICE_FAMILY = "1,2";
				TEST_HOST = "$(BUILT_PRODUCTS_DIR)/MovieExplorer.app/$(BUNDLE_EXECUTABLE_FOLDER_PATH)/MovieExplorer";
			};
			name = Release;
		};
		7A31C2D130703C0B001A72B4 /* Debug configuration for PBXNativeTarget "MovieExplorerUITests" */ = {
			isa = XCBuildConfiguration;
			buildSettings = {
				CODE_SIGN_STYLE = Automatic;
				CURRENT_PROJECT_VERSION = 1;
				GENERATE_INFOPLIST_FILE = YES;
				MARKETING_VERSION = 1.0;
				PRODUCT_BUNDLE_IDENTIFIER = com.ljupcogjorgjiev.MovieExplorerUITests;
				PRODUCT_NAME = "$(TARGET_NAME)";
				STRING_CATALOG_GENERATE_SYMBOLS = NO;
				SWIFT_APPROACHABLE_CONCURRENCY = YES;
				SWIFT_EMIT_LOC_STRINGS = NO;
				SWIFT_UPCOMING_FEATURE_MEMBER_IMPORT_VISIBILITY = YES;
				SWIFT_VERSION = 5.0;
				TARGETED_DEVICE_FAMILY = "1,2";
				TEST_TARGET_NAME = MovieExplorer;
			};
			name = Debug;
		};
		7A31C2D230703C0B001A72B4 /* Release configuration for PBXNativeTarget "MovieExplorerUITests" */ = {
			isa = XCBuildConfiguration;
			buildSettings = {
				CODE_SIGN_STYLE = Automatic;
				CURRENT_PROJECT_VERSION = 1;
				GENERATE_INFOPLIST_FILE = YES;
				MARKETING_VERSION = 1.0;
				PRODUCT_BUNDLE_IDENTIFIER = com.ljupcogjorgjiev.MovieExplorerUITests;
				PRODUCT_NAME = "$(TARGET_NAME)";
				STRING_CATALOG_GENERATE_SYMBOLS = NO;
				SWIFT_APPROACHABLE_CONCURRENCY = YES;
				SWIFT_EMIT_LOC_STRINGS = NO;
				SWIFT_UPCOMING_FEATURE_MEMBER_IMPORT_VISIBILITY = YES;
				SWIFT_VERSION = 5.0;
				TARGETED_DEVICE_FAMILY = "1,2";
				TEST_TARGET_NAME = MovieExplorer;
			};
			name = Release;
		};
/* End XCBuildConfiguration section */

/* Begin XCConfigurationList section */
		7A31C2A630703C09001A72B4 /* Build configuration list for PBXProject "MovieExplorer" */ = {
			isa = XCConfigurationList;
			buildConfigurations = (
				7A31C2C830703C0B001A72B4 /* Debug configuration for PBXProject "MovieExplorer" */,
				7A31C2C930703C0B001A72B4 /* Release configuration for PBXProject "MovieExplorer" */,
			);
			defaultConfigurationName = Release;
		};
		7A31C2CA30703C0B001A72B4 /* Build configuration list for PBXNativeTarget "MovieExplorer" */ = {
			isa = XCConfigurationList;
			buildConfigurations = (
				7A31C2CB30703C0B001A72B4 /* Debug configuration for PBXNativeTarget "MovieExplorer" */,
				7A31C2CC30703C0B001A72B4 /* Release configuration for PBXNativeTarget "MovieExplorer" */,
			);
			defaultConfigurationName = Release;
		};
		7A31C2CD30703C0B001A72B4 /* Build configuration list for PBXNativeTarget "MovieExplorerTests" */ = {
			isa = XCConfigurationList;
			buildConfigurations = (
				7A31C2CE30703C0B001A72B4 /* Debug configuration for PBXNativeTarget "MovieExplorerTests" */,
				7A31C2CF30703C0B001A72B4 /* Release configuration for PBXNativeTarget "MovieExplorerTests" */,
			);
			defaultConfigurationName = Release;
		};
		7A31C2D030703C0B001A72B4 /* Build configuration list for PBXNativeTarget "MovieExplorerUITests" */ = {
			isa = XCConfigurationList;
			buildConfigurations = (
				7A31C2D130703C0B001A72B4 /* Debug configuration for PBXNativeTarget "MovieExplorerUITests" */,
				7A31C2D230703C0B001A72B4 /* Release configuration for PBXNativeTarget "MovieExplorerUITests" */,
			);
			defaultConfigurationName = Release;
		};
/* End XCConfigurationList section */
	};
	rootObject = 7A31C2A330703C09001A72B4 /* Project object */;
	validationLevel = 1;
}
